// !$*UTF8*$!
{
	archiveVersion = 1;
	classes = {
	};
	objectVersion = 56;
	objects = {

/* Begin PBXBuildFile section */
		7ED85B502C49E4360013DDD0 /* Concentration.swift in Sources */ = {isa = PBXBuildFile; fileRef = 7ED85B4F2C49E4360013DDD0 /* Concentration.swift */; };
		7ED85B522C49E5570013DDD0 /* Card.swift in Sources */ = {isa = PBXBuildFile; fileRef = 7ED85B512C49E5570013DDD0 /* Card.swift */; };
		7EEB259D2C4053FE002E5AEC /* AppDelegate.swift in Sources */ = {isa = PBXBuildFile; fileRef = 7EEB259C2C4053FE002E5AEC /* AppDelegate.swift */; };
		7EEB259F2C4053FE002E5AEC /* SceneDelegate.swift in Sources */ = {isa = PBXBuildFile; fileRef = 7EEB259E2C4053FE002E5AEC /* SceneDelegate.swift */; };
		7EEB25A12C4053FE002E5AEC /* ViewController.swift in Sources */ = {isa = PBXBuildFile; fileRef = 7EEB25A02C4053FE002E5AEC /* ViewController.swift */; };
		7EEB25A42C4053FE002E5AEC /* Base in Resources */ = {isa = PBXBuildFile; fileRef = 7EEB25A32C4053FE002E5AEC /* Base */; };
		7EEB25A62C4053FF002E5AEC /* Assets.xcassets in Resources */ = {isa = PBXBuildFile; fileRef = 7EEB25A52C4053FF002E5AEC /* Assets.xcassets */; };
		7EEB25A92C4053FF002E5AEC /* Base in Resources */ = {isa = PBXBuildFile; fileRef = 7EEB25A82C4053FF002E5AEC /* Base */; };
/* End PBXBuildFile section */

/* Begin PBXFileReference section */
		7ED85B4F2C49E4360013DDD0 /* Concentration.swift */ = {isa = PBXFileReference; lastKnownFileType = sourcecode.swift; path = Concentration.swift; sourceTree = SOURCE_ROOT; };
		7ED85B512C49E5570013DDD0 /* Card.swift */ = {isa = PBXFileReference; lastKnownFileType = sourcecode.swift; path = Card.swift; sourceTree = "<group>"; };
		7EEB25992C4053FE002E5AEC /* Concentration_.app */ = {isa = PBXFileReference; explicitFileType = wrapper.application; includeInIndex = 0; path = Concentration_.app; sourceTree = BUILT_PRODUCTS_DIR; };
		7EEB259C2C4053FE002E5AEC /* AppDelegate.swift */ = {isa = PBXFileReference; lastKnownFileType = sourcecode.swift; path = AppDelegate.swift; sourceTree = "<group>"; };
		7EEB259E2C4053FE002E5AEC /* SceneDelegate.swift */ = {isa = PBXFileReference; lastKnownFileType = sourcecode.swift; path = SceneDelegate.swift; sourceTree = "<group>"; };
		7EEB25A02C4053FE002E5AEC /* ViewController.swift */ = {isa = PBXFileReference; lastKnownFileType = sourcecode.swift; path = ViewController.swift; sourceTree = "<group>"; };
		7EEB25A32C4053FE002E5AEC /* Base */ = {isa = PBXFileReference; lastKnownFileType = file.storyboard; name = Base; path = Base.lproj/Main.storyboard; sourceTree = "<group>"; };
		7EEB25A52C4053FF002E5AEC /* Assets.xcassets */ = {isa = PBXFileReference; lastKnownFileType = folder.assetcatalog; path = Assets.xcassets; sourceTree = "<group>"; };
		7EEB25A82C4053FF002E5AEC /* Base */ = {isa = PBXFileReference; lastKnownFileType = file.storyboard; name = Base; path = Base.lproj/LaunchScreen.storyboard; sourceTree = "<group>"; };
		7EEB25AA2C4053FF002E5AEC /* Info.plist */ = {isa = PBXFileReference; lastKnownFileType = text.plist.xml; path = Info.plist; sourceTree = "<group>"; };
/* End PBXFileReference section */

/* Begin PBXFrameworksBuildPhase section */
		7EEB25962C4053FE002E5AEC /* Frameworks */ = {
			isa = PBXFrameworksBuildPhase;
			buildActionMask = 2147483647;
			files = (
			);
			runOnlyForDeploymentPostprocessing = 0;
		};
/* End PBXFrameworksBuildPhase section */

/* Begin PBXGroup section */
		7EEB25902C4053FE002E5AEC = {
			isa = PBXGroup;
			children = (
				7EEB259B2C4053FE002E5AEC /* Concentration_ */,
				7EEB259A2C4053FE002E5AEC /* Products */,
			);
			sourceTree = "<group>";
		};
		7EEB259A2C4053FE002E5AEC /* Products */ = {
			isa = PBXGroup;
			children = (
				7EEB25992C4053FE002E5AEC /* Concentration_.app */,
			);
			name = Products;
			sourceTree = "<group>";
		};
		7EEB259B2C4053FE002E5AEC /* Concentration_ */ = {
			isa = PBXGroup;
			children = (
				7ED85B4F2C49E4360013DDD0 /* Concentration.swift */,
				7ED85B512C49E5570013DDD0 /* Card.swift */,
				7EEB25A02C4053FE002E5AEC /* ViewController.swift */,
				7EEB25A22C4053FE002E5AEC /* Main.storyboard */,
				7EEB25B02C45CAB2002E5AEC /* Supporting files */,
				7EEB25AA2C4053FF002E5AEC /* Info.plist */,
			);
			path = Concentration_;
			sourceTree = "<group>";
		};
		7EEB25B02C45CAB2002E5AEC /* Supporting files */ = {
			isa = PBXGroup;
			children = (
				7EEB25A52C4053FF002E5AEC /* Assets.xcassets */,
				7EEB25A72C4053FF002E5AEC /* LaunchScreen.storyboard */,
				7EEB259E2C4053FE002E5AEC /* SceneDelegate.swift */,
				7EEB259C2C4053FE002E5AEC /* AppDelegate.swift */,
			);
			path = "Supporting files";
			sourceTree = "<group>";
		};
/* End PBXGroup section */

/* Begin PBXNativeTarget section */
		7EEB25982C4053FE002E5AEC /* Concentration_ */ = {
			isa = PBXNativeTarget;
			buildConfigurationList = 7EEB25AD2C4053FF002E5AEC /* Build configuration list for PBXNativeTarget "Concentration_" */;
			buildPhases = (
				7EEB25952C4053FE002E5AEC /* Sources */,
				7EEB25962C4053FE002E5AEC /* Frameworks */,
				7EEB25972C4053FE002E5AEC /* Resources */,
			);
			buildRules = (
			);
			dependencies = (
			);
			name = Concentration_;
			productName = Concentration_;
			productReference = 7EEB25992C4053FE002E5AEC /* Concentration_.app */;
			productType = "com.apple.product-type.application";
		};
/* End PBXNativeTarget section */

/* Begin PBXProject section */
		7EEB25912C4053FE002E5AEC /* Project object */ = {
			isa = PBXProject;
			attributes = {
				BuildIndependentTargetsInParallel = 1;
				LastSwiftUpdateCheck = 1540;
				LastUpgradeCheck = 1540;
				TargetAttributes = {
					7EEB25982C4053FE002E5AEC = {
						CreatedOnToolsVersion = 15.4;
					};
				};
			};
			buildConfigurationList = 7EEB25942C4053FE002E5AEC /* Build configuration list for PBXProject "Concentration_" */;
			compatibilityVersion = "Xcode 14.0";
			developmentRegion = en;
			hasScannedForEncodings = 0;
			knownRegions = (
				en,
				Base,
			);
			mainGroup = 7EEB25902C4053FE002E5AEC;
			productRefGroup = 7EEB259A2C4053FE002E5AEC /* Products */;
			projectDirPath = "";
			projectRoot = "";
			targets = (
				7EEB25982C4053FE002E5AEC /* Concentration_ */,
			);
		};
/* End PBXProject section */

/* Begin PBXResourcesBuildPhase section */
		7EEB25972C4053FE002E5AEC /* Resources */ = {
			isa = PBXResourcesBuildPhase;
			buildActionMask = 2147483647;
			files = (
				7EEB25A62C4053FF002E5AEC /* Assets.xcassets in Resources */,
				7EEB25A92C4053FF002E5AEC /* Base in Resources */,
				7EEB25A42C4053FE002E5AEC /* Base in Resources */,
			);
			runOnlyForDeploymentPostprocessing = 0;
		};
/* End PBXResourcesBuildPhase section */

/* Begin PBXSourcesBuildPhase section */
		7EEB25952C4053FE002E5AEC /* Sources */ = {
			isa = PBXSourcesBuildPhase;
			buildActionMask = 2147483647;
			files = (
				7EEB25A12C4053FE002E5AEC /* ViewController.swift in Sources */,
				7ED85B502C49E4360013DDD0 /* Concentration.swift in Sources */,
				7ED85B522C49E5570013DDD0 /* Card.swift in Sources */,
				7EEB259D2C4053FE002E5AEC /* AppDelegate.swift in Sources */,
				7EEB259F2C4053FE002E5AEC /* SceneDelegate.swift in Sources */,
			);
			runOnlyForDeploymentPostprocessing = 0;
		};
/* End PBXSourcesBuildPhase section */

/* Begin PBXVariantGroup section */
		7EEB25A22C4053FE002E5AEC /* Main.storyboard */ = {
			isa = PBXVariantGroup;
			children = (
				7EEB25A32C4053FE002E5AEC /* Base */,
			);
			name = Main.storyboard;
			sourceTree = "<group>";
		};
		7EEB25A72C4053FF002E5AEC /* LaunchScreen.storyboard */ = {
			isa = PBXVariantGroup;
			children = (
				7EEB25A82C4053FF002E5AEC /* Base */,
			);
			name = LaunchScreen.storyboard;
			sourceTree = "<group>";
		};
/* End PBXVariantGroup section */

/* Begin XCBuildConfiguration section */
		7EEB25AB2C4053FF002E5AEC /* Debug */ = {
			isa = XCBuildConfiguration;
			buildSettings = {
				ALWAYS_SEARCH_USER_PATHS = NO;
				ASSETCATALOG_COMPILER_GENERATE_SWIFT_ASSET_SYMBOL_EXTENSIONS = YES;
				CLANG_ANALYZER_NONNULL = YES;
				CLANG_ANALYZER_NUMBER_OBJECT_CONVERSION = YES_AGGRESSIVE;
				CLANG_CXX_LANGUAGE_STANDARD = "gnu++20";
				CLANG_ENABLE_MODULES = YES;
				CLANG_ENABLE_OBJC_ARC = YES;
				CLANG_ENABLE_OBJC_WEAK = YES;
				CLANG_WARN_BLOCK_CAPTURE_AUTORELEASING = YES;
				CLANG_WARN_BOOL_CONVERSION = YES;
				CLANG_WARN_COMMA = YES;
				CLANG_WARN_CONSTANT_CONVERSION = YES;
				CLANG_WARN_DEPRECATED_OBJC_IMPLEMENTATIONS = YES;
				CLANG_WARN_DIRECT_OBJC_ISA_USAGE = YES_ERROR;
				CLANG_WARN_DOCUMENTATION_COMMENTS = YES;
				CLANG_WARN_EMPTY_BODY = YES;
				CLANG_WARN_ENUM_CONVERSION = YES;
				CLANG_WARN_INFINITE_RECURSION = YES;
				CLANG_WARN_INT_CONVERSION = YES;
				CLANG_WARN_NON_LITERAL_NULL_CONVERSION = YES;
				CLANG_WARN_OBJC_IMPLICIT_RETAIN_SELF = YES;
				CLANG_WARN_OBJC_LITERAL_CONVERSION = YES;
				CLANG_WARN_OBJC_ROOT_CLASS = YES_ERROR;
				CLANG_WARN_QUOTED_INCLUDE_IN_FRAMEWORK_HEADER = YES;
				CLANG_WARN_RANGE_LOOP_ANALYSIS = YES;
				CLANG_WARN_STRICT_PROTOTYPES = YES;
				CLANG_WARN_SUSPICIOUS_MOVE = YES;
				CLANG_WARN_UNGUARDED_AVAILABILITY = YES_AGGRESSIVE;
				CLANG_WARN_UNREACHABLE_CODE = YES;
				CLANG_WARN__DUPLICATE_METHOD_MATCH = YES;
				COPY_PHASE_STRIP = NO;
				DEBUG_INFORMATION_FORMAT = dwarf;
				ENABLE_STRICT_OBJC_MSGSEND = YES;
				ENABLE_TESTABILITY = YES;
				ENABLE_USER_SCRIPT_SANDBOXING = YES;
				GCC_C_LANGUAGE_STANDARD = gnu17;
				GCC_DYNAMIC_NO_PIC = NO;
				GCC_NO_COMMON_BLOCKS = YES;
				GCC_OPTIMIZATION_LEVEL = 0;
				GCC_PREPROCESSOR_DEFINITIONS = (
					"DEBUG=1",
					"$(inherited)",
				);
				GCC_WARN_64_TO_32_BIT_CONVERSION = YES;
				GCC_WARN_ABOUT_RETURN_TYPE = YES_ERROR;
				GCC_WARN_UNDECLARED_SELECTOR = YES;
				GCC_WARN_UNINITIALIZED_AUTOS = YES_AGGRESSIVE;
				GCC_WARN_UNUSED_FUNCTION = YES;
				GCC_WARN_UNUSED_VARIABLE = YES;
				IPHONEOS_DEPLOYMENT_TARGET = 17.5;
				LOCALIZATION_PREFERS_STRING_CATALOGS = YES;
				MTL_ENABLE_DEBUG_INFO = INCLUDE_SOURCE;
				MTL_FAST_MATH = YES;
				ONLY_ACTIVE_ARCH = YES;
				SDKROOT = iphoneos;
				SWIFT_ACTIVE_COMPILATION_CONDITIONS = "DEBUG $(inherited)";
				SWIFT_OPTIMIZATION_LEVEL = "-Onone";
			};
			name = Debug;
		};
		7EEB25AC2C4053FF002E5AEC /* Release */ = {
			isa = XCBuildConfiguration;
			buildSettings = {
				ALWAYS_SEARCH_USER_PATHS = NO;
				ASSETCATALOG_COMPILER_GENERATE_SWIFT_ASSET_SYMBOL_EXTENSIONS = YES;
				CLANG_ANALYZER_NONNULL = YES;
				CLANG_ANALYZER_NUMBER_OBJECT_CONVERSION = YES_AGGRESSIVE;
				CLANG_CXX_LANGUAGE_STANDARD = "gnu++20";
				CLANG_ENABLE_MODULES = YES;
				CLANG_ENABLE_OBJC_ARC = YES;
				CLANG_ENABLE_OBJC_WEAK = YES;
				CLANG_WARN_BLOCK_CAPTURE_AUTORELEASING = YES;
				CLANG_WARN_BOOL_CONVERSION = YES;
				CLANG_WARN_COMMA = YES;
				CLANG_WARN_CONSTANT_CONVERSION = YES;
				CLANG_WARN_DEPRECATED_OBJC_IMPLEMENTATIONS = YES;
				CLANG_WARN_DIRECT_OBJC_ISA_USAGE = YES_ERROR;
				CLANG_WARN_DOCUMENTATION_COMMENTS = YES;
				CLANG_WARN_EMPTY_BODY = YES;
				CLANG_WARN_ENUM_CONVERSION = YES;
				CLANG_WARN_INFINITE_RECURSION = YES;
				CLANG_WARN_INT_CONVERSION = YES;
				CLANG_WARN_NON_LITERAL_NULL_CONVERSION = YES;
				CLANG_WARN_OBJC_IMPLICIT_RETAIN_SELF = YES;
				CLANG_WARN_OBJC_LITERAL_CONVERSION = YES;
				CLANG_WARN_OBJC_ROOT_CLASS = YES_ERROR;
				CLANG_WARN_QUOTED_INCLUDE_IN_FRAMEWORK_HEADER = YES;
				CLANG_WARN_RANGE_LOOP_ANALYSIS = YES;
				CLANG_WARN_STRICT_PROTOTYPES = YES;
				CLANG_WARN_SUSPICIOUS_MOVE = YES;
				CLANG_WARN_UNGUARDED_AVAILABILITY = YES_AGGRESSIVE;
				CLANG_WARN_UNREACHABLE_CODE = YES;
				CLANG_WARN__DUPLICATE_METHOD_MATCH = YES;
				COPY_PHASE_STRIP = NO;
				DEBUG_INFORMATION_FORMAT = "dwarf-with-dsym";
				ENABLE_NS_ASSERTIONS = NO;
				ENABLE_STRICT_OBJC_MSGSEND = YES;
				ENABLE_USER_SCRIPT_SANDBOXING = YES;
				GCC_C_LANGUAGE_STANDARD = gnu17;
				GCC_NO_COMMON_BLOCKS = YES;
				GCC_WARN_64_TO_32_BIT_CONVERSION = YES;
				GCC_WARN_ABOUT_RETURN_TYPE = YES_ERROR;
				GCC_WARN_UNDECLARED_SELECTOR = YES;
				GCC_WARN_UNINITIALIZED_AUTOS = YES_AGGRESSIVE;
				GCC_WARN_UNUSED_FUNCTION = YES;
				GCC_WARN_UNUSED_VARIABLE = YES;
				IPHONEOS_DEPLOYMENT_TARGET = 17.5;
				LOCALIZATION_PREFERS_STRING_CATALOGS = YES;
				MTL_ENABLE_DEBUG_INFO = NO;
				MTL_FAST_MATH = YES;
				SDKROOT = iphoneos;
				SWIFT_COMPILATION_MODE = wholemodule;
				VALIDATE_PRODUCT = YES;
			};
			name = Release;
		};
		7EEB25AE2C4053FF002E5AEC /* Debug */ = {
			isa = XCBuildConfiguration;
			buildSettings = {
				ASSETCATALOG_COMPILER_APPICON_NAME = AppIcon;
				ASSETCATALOG_COMPILER_GLOBAL_ACCENT_COLOR_NAME = AccentColor;
				CODE_SIGN_STYLE = Automatic;
				CURRENT_PROJECT_VERSION = 1;
				DEVELOPMENT_TEAM = DBSKFCR3AR;
				GENERATE_INFOPLIST_FILE = YES;
				INFOPLIST_FILE = Concentration_/Info.plist;
				INFOPLIST_KEY_UIApplicationSupportsIndirectInputEvents = YES;
				INFOPLIST_KEY_UILaunchStoryboardName = LaunchScreen;
				INFOPLIST_KEY_UIMainStoryboardFile = Main;
				INFOPLIST_KEY_UISupportedInterfaceOrientations_iPad = "UIInterfaceOrientationPortrait UIInterfaceOrientationPortraitUpsideDown UIInterfaceOrientationLandscapeLeft UIInterfaceOrientationLandscapeRight";
				INFOPLIST_KEY_UISupportedInterfaceOrientations_iPhone = "UIInterfaceOrientationPortrait UIInterfaceOrientationLandscapeLeft UIInterfaceOrientationLandscapeRight";
				LD_RUNPATH_SEARCH_PATHS = (
					"$(inherited)",
					"@executable_path/Frameworks",
				);
				MARKETING_VERSION = 1.0;
				PRODUCT_BUNDLE_IDENTIFIER = "CS193P-Selam.Concentration-";
				PRODUCT_NAME = "$(TARGET_NAME)";
				SWIFT_EMIT_LOC_STRINGS = YES;
				SWIFT_VERSION = 5.0;
				TARGETED_DEVICE_FAMILY = "1,2";
			};
			name = Debug;
		};
		7EEB25AF2C4053FF002E5AEC /* Release */ = {
			isa = XCBuildConfiguration;
			buildSettings = {
				ASSETCATALOG_COMPILER_APPICON_NAME = AppIcon;
				ASSETCATALOG_COMPILER_GLOBAL_ACCENT_COLOR_NAME = AccentColor;
				CODE_SIGN_STYLE = Automatic;
				CURRENT_PROJECT_VERSION = 1;
				DEVELOPMENT_TEAM = DBSKFCR3AR;
				GENERATE_INFOPLIST_FILE = YES;
				INFOPLIST_FILE = Concentration_/Info.plist;
				INFOPLIST_KEY_UIApplicationSupportsIndirectInputEvents = YES;
				INFOPLIST_KEY_UILaunchStoryboardName = LaunchScreen;
				INFOPLIST_KEY_UIMainStoryboardFile = Main;
				INFOPLIST_KEY_UISupportedInterfaceOrientations_iPad = "UIInterfaceOrientationPortrait UIInterfaceOrientationPortraitUpsideDown UIInterfaceOrientationLandscapeLeft UIInterfaceOrientationLandscapeRight";
				INFOPLIST_KEY_UISupportedInterfaceOrientations_iPhone = "UIInterfaceOrientationPortrait UIInterfaceOrientationLandscapeLeft UIInterfaceOrientationLandscapeRight";
				LD_RUNPATH_SEARCH_PATHS = (
					"$(inherited)",
					"@executable_path/Frameworks",
				);
				MARKETING_VERSION = 1.0;
				PRODUCT_BUNDLE_IDENTIFIER = "CS193P-Selam.Concentration-";
				PRODUCT_NAME = "$(TARGET_NAME)";
				SWIFT_EMIT_LOC_STRINGS = YES;
				SWIFT_VERSION = 5.0;
				TARGETED_DEVICE_FAMILY = "1,2";
			};
			name = Release;
		};
/* End XCBuildConfiguration section */

/* Begin XCConfigurationList section */
		7EEB25942C4053FE002E5AEC /* Build configuration list for PBXProject "Concentration_" */ = {
			isa = XCConfigurationList;
			buildConfigurations = (
				7EEB25AB2C4053FF002E5AEC /* Debug */,
				7EEB25AC2C4053FF002E5AEC /* Release */,
			);
			defaultConfigurationIsVisible = 0;
			defaultConfigurationName = Release;
		};
		7EEB25AD2C4053FF002E5AEC /* Build configuration list for PBXNativeTarget "Concentration_" */ = {
			isa = XCConfigurationList;
			buildConfigurations = (
				7EEB25AE2C4053FF002E5AEC /* Debug */,
				7EEB25AF2C4053FF002E5AEC /* Release */,
			);
			defaultConfigurationIsVisible = 0;
			defaultConfigurationName = Release;
		};
/* End XCConfigurationList section */
	};
	rootObject = 7EEB25912C4053FE002E5AEC /* Project object */;
}
